# THIS IS AN AUTOGENERATED FILE. DO NOT EDIT THIS FILE DIRECTLY.
# yarn lockfile v1


is-docker@^2.0.0:
  version "2.0.0"
  resolved "https://registry.yarnpkg.com/is-docker/-/is-docker-2.0.0.tgz#2cb0df0e75e2d064fe1864c37cdeacb7b2dcf25b"
  integrity sha512-pJEdRugimx4fBMra5z2/5iRdZ63OhYV0vr0Dwm5+xtW4D1FvRkB8hamMIhnWfyJeDdyr/aa7BDyNbtG38VxgoQ==

is-wsl@^2.1.1:
  version "2.1.1"
  resolved "https://registry.yarnpkg.com/is-wsl/-/is-wsl-2.1.1.tgz#4a1c152d429df3d441669498e2486d3596ebaf1d"
  integrity sha512-umZHcSrwlDHo2TGMXv0DZ8dIUGunZ2Iv68YZnrmCiBPkZ4aaOhtv7pXJKeki9k3qJ3RJr0cDyitcl5wEH3AYog==

open@^7.0.2:
  version "7.0.2"
  resolved "https://registry.yarnpkg.com/open/-/open-7.0.2.tgz#fb3681f11f157f2361d2392307548ca1792960e8"
  integrity sha512-70E/pFTPr7nZ9nLDPNTcj3IVqnNvKuP4VsBmoKV9YGTnChe0mlS3C4qM7qKarhZ8rGaHKLfo+vBTHXDp6ZSyLQ==
  dependencies:
    is-docker "^2.0.0"
    is-wsl "^2.1.1"
